
Microsoft Visual Studio Solution File, Format Version 12.00
# Visual Studio Version 16
VisualStudioVersion = 16.0.31702.278
MinimumVisualStudioVersion = 10.0.40219.1
Project("{9A19103F-16F7-4668-BE54-9A1E7A4F7556}") = "BuildingForms", "BuildingForms\BuildingForms.csproj", "{6E5D65DB-F0E4-408E-929E-067E3C64485C}"
EndProject
Project("{9A19103F-16F7-4668-BE54-9A1E7A4F7556}") = "EntityFrameworkCoreIntro", "EntityFrameworkCoreIntro\EntityFrameworkCoreIntro.csproj", "{6406CF33-6CDF-47A3-8A99-C1290931CCBA}"
EndProject
Project("{9A19103F-16F7-4668-BE54-9A1E7A4F7556}") = "BlogApp.WebUI", "BlogApp.WebUI\BlogApp.WebUI.csproj", "{4428DCDC-1810-4353-8245-FFE6DC10AF9E}"
EndProject
Project("{9A19103F-16F7-4668-BE54-9A1E7A4F7556}") = "BlogApp.Entity", "BlogApp.Entity\BlogApp.Entity.csproj", "{909581C3-8515-41C7-9BDA-E5A77B7C53AE}"
EndProject
Project("{9A19103F-16F7-4668-BE54-9A1E7A4F7556}") = "BlogApp.Data", "BlogApp.Data\BlogApp.Data.csproj", "{6BFCE97B-3A0C-4355-9C47-0080B4D2FBEC}"
EndProject
Project("{9A19103F-16F7-4668-BE54-9A1E7A4F7556}") = "UrlRouting", "UrlRouting\UrlRouting.csproj", "{F870CA0E-FF4F-4770-B156-13AB9DB429BE}"
EndProject
Project("{FAE04EC0-301F-11D3-BF4B-00C04F79EFBC}") = "ModelBinding", "ModelBinding\ModelBinding.csproj", "{569BD0C9-9A38-4D3F-8F83-DEFD911B19E6}"
EndProject
Global
	GlobalSection(SolutionConfigurationPlatforms) = preSolution
		Debug|Any CPU = Debug|Any CPU
		Release|Any CPU = Release|Any CPU
	EndGlobalSection
	GlobalSection(ProjectConfigurationPlatforms) = postSolution
		{6E5D65DB-F0E4-408E-929E-067E3C64485C}.Debug|Any CPU.ActiveCfg = Debug|Any CPU
		{6E5D65DB-F0E4-408E-929E-067E3C64485C}.Debug|Any CPU.Build.0 = Debug|Any CPU
		{6E5D65DB-F0E4-408E-929E-067E3C64485C}.Release|Any CPU.ActiveCfg = Release|Any CPU
		{6E5D65DB-F0E4-408E-929E-067E3C64485C}.Release|Any CPU.Build.0 = Release|Any CPU
		{6406CF33-6CDF-47A3-8A99-C1290931CCBA}.Debug|Any CPU.ActiveCfg = Debug|Any CPU
		{6406CF33-6CDF-47A3-8A99-C1290931CCBA}.Debug|Any CPU.Build.0 = Debug|Any CPU
		{6406CF33-6CDF-47A3-8A99-C1290931CCBA}.Release|Any CPU.ActiveCfg = Release|Any CPU
		{6406CF33-6CDF-47A3-8A99-C1290931CCBA}.Release|Any CPU.Build.0 = Release|Any CPU
		{4428DCDC-1810-4353-8245-FFE6DC10AF9E}.Debug|Any CPU.ActiveCfg = Debug|Any CPU
		{4428DCDC-1810-4353-8245-FFE6DC10AF9E}.Debug|Any CPU.Build.0 = Debug|Any CPU
		{4428DCDC-1810-4353-8245-FFE6DC10AF9E}.Release|Any CPU.ActiveCfg = Release|Any CPU
		{4428DCDC-1810-4353-8245-FFE6DC10AF9E}.Release|Any CPU.Build.0 = Release|Any CPU
		{909581C3-8515-41C7-9BDA-E5A77B7C53AE}.Debug|Any CPU.ActiveCfg = Debug|Any CPU
		{909581C3-8515-41C7-9BDA-E5A77B7C53AE}.Debug|Any CPU.Build.0 = Debug|Any CPU
		{909581C3-8515-41C7-9BDA-E5A77B7C53AE}.Release|Any CPU.ActiveCfg = Release|Any CPU
		{909581C3-8515-41C7-9BDA-E5A77B7C53AE}.Release|Any CPU.Build.0 = Release|Any CPU
		{6BFCE97B-3A0C-4355-9C47-0080B4D2FBEC}.Debug|Any CPU.ActiveCfg = Debug|Any CPU
		{6BFCE97B-3A0C-4355-9C47-0080B4D2FBEC}.Debug|Any CPU.Build.0 = Debug|Any CPU
		{6BFCE97B-3A0C-4355-9C47-0080B4D2FBEC}.Release|Any CPU.ActiveCfg = Release|Any CPU
		{6BFCE97B-3A0C-4355-9C47-0080B4D2FBEC}.Release|Any CPU.Build.0 = Release|Any CPU
		{F870CA0E-FF4F-4770-B156-13AB9DB429BE}.Debug|Any CPU.ActiveCfg = Debug|Any CPU
		{F870CA0E-FF4F-4770-B156-13AB9DB429BE}.Debug|Any CPU.Build.0 = Debug|Any CPU
		{F870CA0E-FF4F-4770-B156-13AB9DB429BE}.Release|Any CPU.ActiveCfg = Release|Any CPU
		{F870CA0E-FF4F-4770-B156-13AB9DB429BE}.Release|Any CPU.Build.0 = Release|Any CPU
		{569BD0C9-9A38-4D3F-8F83-DEFD911B19E6}.Debug|Any CPU.ActiveCfg = Debug|Any CPU
		{569BD0C9-9A38-4D3F-8F83-DEFD911B19E6}.Debug|Any CPU.Build.0 = Debug|Any CPU
		{569BD0C9-9A38-4D3F-8F83-DEFD911B19E6}.Release|Any CPU.ActiveCfg = Release|Any CPU
		{569BD0C9-9A38-4D3F-8F83-DEFD911B19E6}.Release|Any CPU.Build.0 = Release|Any CPU
	EndGlobalSection
	GlobalSection(SolutionProperties) = preSolution
		HideSolutionNode = FALSE
	EndGlobalSection
	GlobalSection(ExtensibilityGlobals) = postSolution
		SolutionGuid = {A8F6FC74-6E63-4FDF-BB44-44D8091F3ACF}
	EndGlobalSection
EndGlobal
